
Microsoft Visual Studio Solution File, Format Version 12.00
# Visual Studio Version 16
VisualStudioVersion = 16.0.30709.64
MinimumVisualStudioVersion = 10.0.40219.1
Project("{9A19103F-16F7-4668-BE54-9A1E7A4F7556}") = "ow.Service.Auth", "ow.Service.Auth\ow.Service.Auth.csproj", "{B3FDC7B7-5176-4AEB-977E-7F904AAD7A61}"
EndProject
Project("{9A19103F-16F7-4668-BE54-9A1E7A4F7556}") = "SetupDatabase", "SetupDatabase\SetupDatabase.csproj", "{F8521A81-E8EF-4388-9917-55FD7F328DEA}"
EndProject
Project("{9A19103F-16F7-4668-BE54-9A1E7A4F7556}") = "ow.Service.District", "ow.Service.District\ow.Service.District.csproj", "{B6F409F5-58B2-4AFF-9B74-32D111E6017A}"
EndProject
Project("{2150E333-8FDC-42A3-9474-1A3956D46DE8}") = "Services", "Services", "{1FA7CB67-B280-487D-9CB5-4460A881BC26}"
EndProject
Project("{2150E333-8FDC-42A3-9474-1A3956D46DE8}") = "Tests", "Tests", "{52FAC084-1821-4528-ADE3-284CCBCD8C76}"
EndProject
Project("{9A19103F-16F7-4668-BE54-9A1E7A4F7556}") = "ow.Framework", "ow.Framework\ow.Framework.csproj", "{676D437D-D2F7-46FB-83B0-56DE013E3D82}"
EndProject
Project("{9A19103F-16F7-4668-BE54-9A1E7A4F7556}") = "ow.Framework.Tests", "ow.Framework.Tests\ow.Framework.Tests.csproj", "{1D3F8F63-8536-4A58-BA98-AE70351EEA38}"
EndProject
Project("{2150E333-8FDC-42A3-9474-1A3956D46DE8}") = "Utils", "Utils", "{0DDD5060-75D6-4B1C-BACA-6BCAA5EF59DC}"
EndProject
Project("{9A19103F-16F7-4668-BE54-9A1E7A4F7556}") = "ow.Utils.Wireshark.JsonDumpDecode", "ow.Utils.Wireshark.JsonDumpDecode\ow.Utils.Wireshark.JsonDumpDecode.csproj", "{83280E70-E1D0-4D70-BA39-02F3208394FD}"
EndProject
Project("{9A19103F-16F7-4668-BE54-9A1E7A4F7556}") = "ow.Utils.ItemView.Generator", "ow.Utils.ItemView.Generator\ow.Utils.ItemView.Generator.csproj", "{1B93FAC2-4E65-4DCE-94ED-02FE3F0FE6D6}"
EndProject
Project("{9A19103F-16F7-4668-BE54-9A1E7A4F7556}") = "ow.Utils.OnStove.FetchClient", "ow.Utils.OnStove.FetchClient\ow.Utils.OnStove.FetchClient.csproj", "{A44E1261-CF49-4616-949C-590D9F02FD18}"
EndProject
Project("{9A19103F-16F7-4668-BE54-9A1E7A4F7556}") = "ow.Service.World", "ow.Service.World\ow.Service.World.csproj", "{D9C31BA7-0A75-4DD1-B7D3-72FC882C6710}"
EndProject
Project("{9A19103F-16F7-4668-BE54-9A1E7A4F7556}") = "ow.Service.Relay", "ow.Service.Relay\ow.Service.Relay.csproj", "{74A6EA96-CCB1-4502-BEF9-5A08808096F7}"
EndProject
Global
	GlobalSection(SolutionConfigurationPlatforms) = preSolution
		Debug|Any CPU = Debug|Any CPU
		Release|Any CPU = Release|Any CPU
	EndGlobalSection
	GlobalSection(ProjectConfigurationPlatforms) = postSolution
		{B3FDC7B7-5176-4AEB-977E-7F904AAD7A61}.Debug|Any CPU.ActiveCfg = Debug|Any CPU
		{B3FDC7B7-5176-4AEB-977E-7F904AAD7A61}.Debug|Any CPU.Build.0 = Debug|Any CPU
		{B3FDC7B7-5176-4AEB-977E-7F904AAD7A61}.Release|Any CPU.ActiveCfg = Release|Any CPU
		{B3FDC7B7-5176-4AEB-977E-7F904AAD7A61}.Release|Any CPU.Build.0 = Release|Any CPU
		{F8521A81-E8EF-4388-9917-55FD7F328DEA}.Debug|Any CPU.ActiveCfg = Debug|Any CPU
		{F8521A81-E8EF-4388-9917-55FD7F328DEA}.Debug|Any CPU.Build.0 = Debug|Any CPU
		{F8521A81-E8EF-4388-9917-55FD7F328DEA}.Release|Any CPU.ActiveCfg = Release|Any CPU
		{F8521A81-E8EF-4388-9917-55FD7F328DEA}.Release|Any CPU.Build.0 = Release|Any CPU
		{B6F409F5-58B2-4AFF-9B74-32D111E6017A}.Debug|Any CPU.ActiveCfg = Debug|Any CPU
		{B6F409F5-58B2-4AFF-9B74-32D111E6017A}.Debug|Any CPU.Build.0 = Debug|Any CPU
		{B6F409F5-58B2-4AFF-9B74-32D111E6017A}.Release|Any CPU.ActiveCfg = Release|Any CPU
		{B6F409F5-58B2-4AFF-9B74-32D111E6017A}.Release|Any CPU.Build.0 = Release|Any CPU
		{676D437D-D2F7-46FB-83B0-56DE013E3D82}.Debug|Any CPU.ActiveCfg = Debug|Any CPU
		{676D437D-D2F7-46FB-83B0-56DE013E3D82}.Debug|Any CPU.Build.0 = Debug|Any CPU
		{676D437D-D2F7-46FB-83B0-56DE013E3D82}.Release|Any CPU.ActiveCfg = Release|Any CPU
		{676D437D-D2F7-46FB-83B0-56DE013E3D82}.Release|Any CPU.Build.0 = Release|Any CPU
		{1D3F8F63-8536-4A58-BA98-AE70351EEA38}.Debug|Any CPU.ActiveCfg = Debug|Any CPU
		{1D3F8F63-8536-4A58-BA98-AE70351EEA38}.Debug|Any CPU.Build.0 = Debug|Any CPU
		{1D3F8F63-8536-4A58-BA98-AE70351EEA38}.Release|Any CPU.ActiveCfg = Release|Any CPU
		{1D3F8F63-8536-4A58-BA98-AE70351EEA38}.Release|Any CPU.Build.0 = Release|Any CPU
		{83280E70-E1D0-4D70-BA39-02F3208394FD}.Debug|Any CPU.ActiveCfg = Debug|Any CPU
		{83280E70-E1D0-4D70-BA39-02F3208394FD}.Debug|Any CPU.Build.0 = Debug|Any CPU
		{83280E70-E1D0-4D70-BA39-02F3208394FD}.Release|Any CPU.ActiveCfg = Release|Any CPU
		{83280E70-E1D0-4D70-BA39-02F3208394FD}.Release|Any CPU.Build.0 = Release|Any CPU
		{1B93FAC2-4E65-4DCE-94ED-02FE3F0FE6D6}.Debug|Any CPU.ActiveCfg = Debug|Any CPU
		{1B93FAC2-4E65-4DCE-94ED-02FE3F0FE6D6}.Debug|Any CPU.Build.0 = Debug|Any CPU
		{1B93FAC2-4E65-4DCE-94ED-02FE3F0FE6D6}.Release|Any CPU.ActiveCfg = Release|Any CPU
		{1B93FAC2-4E65-4DCE-94ED-02FE3F0FE6D6}.Release|Any CPU.Build.0 = Release|Any CPU
		{A44E1261-CF49-4616-949C-590D9F02FD18}.Debug|Any CPU.ActiveCfg = Debug|Any CPU
		{A44E1261-CF49-4616-949C-590D9F02FD18}.Debug|Any CPU.Build.0 = Debug|Any CPU
		{A44E1261-CF49-4616-949C-590D9F02FD18}.Release|Any CPU.ActiveCfg = Release|Any CPU
		{A44E1261-CF49-4616-949C-590D9F02FD18}.Release|Any CPU.Build.0 = Release|Any CPU
		{D9C31BA7-0A75-4DD1-B7D3-72FC882C6710}.Debug|Any CPU.ActiveCfg = Debug|Any CPU
		{D9C31BA7-0A75-4DD1-B7D3-72FC882C6710}.Debug|Any CPU.Build.0 = Debug|Any CPU
		{D9C31BA7-0A75-4DD1-B7D3-72FC882C6710}.Release|Any CPU.ActiveCfg = Release|Any CPU
		{D9C31BA7-0A75-4DD1-B7D3-72FC882C6710}.Release|Any CPU.Build.0 = Release|Any CPU
		{74A6EA96-CCB1-4502-BEF9-5A08808096F7}.Debug|Any CPU.ActiveCfg = Debug|Any CPU
		{74A6EA96-CCB1-4502-BEF9-5A08808096F7}.Debug|Any CPU.Build.0 = Debug|Any CPU
		{74A6EA96-CCB1-4502-BEF9-5A08808096F7}.Release|Any CPU.ActiveCfg = Release|Any CPU
		{74A6EA96-CCB1-4502-BEF9-5A08808096F7}.Release|Any CPU.Build.0 = Release|Any CPU
	EndGlobalSection
	GlobalSection(SolutionProperties) = preSolution
		HideSolutionNode = FALSE
	EndGlobalSection
	GlobalSection(NestedProjects) = preSolution
		{B3FDC7B7-5176-4AEB-977E-7F904AAD7A61} = {1FA7CB67-B280-487D-9CB5-4460A881BC26}
		{B6F409F5-58B2-4AFF-9B74-32D111E6017A} = {1FA7CB67-B280-487D-9CB5-4460A881BC26}
		{1D3F8F63-8536-4A58-BA98-AE70351EEA38} = {52FAC084-1821-4528-ADE3-284CCBCD8C76}
		{83280E70-E1D0-4D70-BA39-02F3208394FD} = {0DDD5060-75D6-4B1C-BACA-6BCAA5EF59DC}
		{1B93FAC2-4E65-4DCE-94ED-02FE3F0FE6D6} = {0DDD5060-75D6-4B1C-BACA-6BCAA5EF59DC}
		{A44E1261-CF49-4616-949C-590D9F02FD18} = {0DDD5060-75D6-4B1C-BACA-6BCAA5EF59DC}
		{D9C31BA7-0A75-4DD1-B7D3-72FC882C6710} = {1FA7CB67-B280-487D-9CB5-4460A881BC26}
		{74A6EA96-CCB1-4502-BEF9-5A08808096F7} = {1FA7CB67-B280-487D-9CB5-4460A881BC26}
	EndGlobalSection
	GlobalSection(ExtensibilityGlobals) = postSolution
		SolutionGuid = {F383596F-D1E6-48AD-9150-C1C27F5333B2}
	EndGlobalSection
EndGlobal
