
Microsoft Visual Studio Solution File, Format Version 12.00
# Visual Studio Version 17
VisualStudioVersion = 17.12.35309.182
MinimumVisualStudioVersion = 10.0.40219.1
Project("{FAE04EC0-301F-11D3-BF4B-00C04F79EFBC}") = "OpenWorker.RelayServer", "OpenWorker.RelayServer\OpenWorker.RelayServer.csproj", "{D3B0E4FB-7DCC-4A52-A7FE-8226BD668B1E}"
EndProject
Project("{2150E333-8FDC-42A3-9474-1A3956D46DE8}") = "Solution Items", "Solution Items", "{0B05763F-5E5D-4CAE-B438-731F072F2B51}"
	ProjectSection(SolutionItems) = preProject
		compose.yaml = compose.yaml
		compose.test.yaml = compose.test.yaml
	EndProjectSection
EndProject
Project("{FAE04EC0-301F-11D3-BF4B-00C04F79EFBC}") = "OpenWorker.Persistence", "OpenWorker.Persistence\OpenWorker.Persistence.csproj", "{BBBCA92C-C58A-4560-8BD1-56A3C464DD94}"
EndProject
Project("{FAE04EC0-301F-11D3-BF4B-00C04F79EFBC}") = "OpenWorker.Domain", "OpenWorker.Domain\OpenWorker.Domain.csproj", "{AE9FA983-0067-4B05-9108-5386DBB530FF}"
EndProject
Project("{FAE04EC0-301F-11D3-BF4B-00C04F79EFBC}") = "OpenWorker.DependencyInjection", "OpenWorker.DependencyInjection\OpenWorker.DependencyInjection.csproj", "{5B7EB2F3-4CAE-4D7C-9600-81B6CF2710D1}"
EndProject
Project("{FAE04EC0-301F-11D3-BF4B-00C04F79EFBC}") = "OpenWorker.AuthServer", "OpenWorker.AuthServer\OpenWorker.AuthServer.csproj", "{AD696F56-4909-4C9B-B908-73825958442F}"
EndProject
Project("{FAE04EC0-301F-11D3-BF4B-00C04F79EFBC}") = "OpenWorker.Hotspot", "OpenWorker.Hotspot\OpenWorker.Hotspot.csproj", "{898D5D9C-E2C8-46DE-92D0-46EB392D065D}"
EndProject
Project("{FAE04EC0-301F-11D3-BF4B-00C04F79EFBC}") = "TestLang", "TestLang\TestLang.csproj", "{F62E324C-E8FD-4916-8E39-D93BE429AA3C}"
EndProject
Project("{FAE04EC0-301F-11D3-BF4B-00C04F79EFBC}") = "OpenWorker.GateServer", "OpenWorker.GateServer\OpenWorker.GateServer.csproj", "{24392623-63E7-4A5D-BE87-752C91A43830}"
EndProject
Project("{2150E333-8FDC-42A3-9474-1A3956D46DE8}") = "Servers", "Servers", "{AD90D124-FC66-4379-BCAF-48686F2CA547}"
EndProject
Project("{FAE04EC0-301F-11D3-BF4B-00C04F79EFBC}") = "OpenWorker.DistrictServer", "OpenWorker.DistrictServer\OpenWorker.DistrictServer.csproj", "{DAB2A720-8614-4B4F-B1F7-8C7D1B8DEFE5}"
EndProject
Project("{FAE04EC0-301F-11D3-BF4B-00C04F79EFBC}") = "OpenWorker.Hotspot.Test", "OpenWorker.Hotspot.Test\OpenWorker.Hotspot.Test.csproj", "{FA1B5493-52D1-48F2-BE1C-D1FA5C552867}"
EndProject
Project("{FAE04EC0-301F-11D3-BF4B-00C04F79EFBC}") = "OpenWorker.UpdateContent", "OpenWorker.UpdateContent\OpenWorker.UpdateContent.csproj", "{20C62090-D23D-46AE-B9CF-5E6FEAADCA0A}"
EndProject
Project("{FAE04EC0-301F-11D3-BF4B-00C04F79EFBC}") = "OpenWorker.SourceGenerator.ResourceStructures", "OpenWorker.SourceGenerator.ResourceStructures\OpenWorker.SourceGenerator.ResourceStructures.csproj", "{74A13278-8643-458D-8021-8483C4675A43}"
EndProject
Project("{FAE04EC0-301F-11D3-BF4B-00C04F79EFBC}") = "OpenWorker.Res", "OpenWorker.Res\OpenWorker.Res.csproj", "{EFA4C38A-B226-436F-BAFB-8A9C5AC27B3B}"
EndProject
Project("{FAE04EC0-301F-11D3-BF4B-00C04F79EFBC}") = "OpenWorker.Batch", "OpenWorker.Batch\OpenWorker.Batch.csproj", "{BB68F966-E686-4988-903C-07F96ACB5CD1}"
EndProject
Project("{FAE04EC0-301F-11D3-BF4B-00C04F79EFBC}") = "OpenWorker.Extensions", "OpenWorker.Extensions\OpenWorker.Extensions.csproj", "{093204CD-935A-4831-9388-483E631822C2}"
EndProject
Project("{FAE04EC0-301F-11D3-BF4B-00C04F79EFBC}") = "OpenWorker.Havok", "OpenWorker.Havok\OpenWorker.Havok.csproj", "{7D6C7EB9-000F-4D34-B55C-EF67306B0F3C}"
EndProject
Project("{FAE04EC0-301F-11D3-BF4B-00C04F79EFBC}") = "OpenWorker.AuthServer.Gameplay", "OpenWorker.AuthServer.Gameplay\OpenWorker.AuthServer.Gameplay.csproj", "{C9549BB5-5DAD-4587-8EA3-BF0035A0E903}"
EndProject
Project("{FAE04EC0-301F-11D3-BF4B-00C04F79EFBC}") = "OpenWorker.AuthServer.Test", "OpenWorker.AuthServer.Test\OpenWorker.AuthServer.Test.csproj", "{7B91BECB-2606-4C5D-8EF3-0009A905C27A}"
EndProject
Project("{FAE04EC0-301F-11D3-BF4B-00C04F79EFBC}") = "OpenWorker.GateServer.Gameplay", "OpenWorker.GateServer.Gameplay\OpenWorker.GateServer.Gameplay.csproj", "{977213AB-4A34-4EA5-939C-6B49B815F7FE}"
EndProject
Project("{2150E333-8FDC-42A3-9474-1A3956D46DE8}") = "Auth", "Auth", "{BD281A0B-B4C9-43C1-8FE0-38904268A611}"
EndProject
Project("{2150E333-8FDC-42A3-9474-1A3956D46DE8}") = "Gate", "Gate", "{3B75B585-86A8-46FF-B5CE-4E1772FA6A3B}"
EndProject
Project("{2150E333-8FDC-42A3-9474-1A3956D46DE8}") = "District", "District", "{08E144AF-4391-4EF3-927B-4F7E9BB33E6E}"
EndProject
Project("{2150E333-8FDC-42A3-9474-1A3956D46DE8}") = "Relay", "Relay", "{61A17DA3-82F9-4D80-9072-8F45C6254701}"
EndProject
Project("{FAE04EC0-301F-11D3-BF4B-00C04F79EFBC}") = "OpenWorker.Cache", "OpenWorker.Cache\OpenWorker.Cache.csproj", "{A9A6F484-A985-4F93-9291-3553BD9D5453}"
EndProject
Project("{FAE04EC0-301F-11D3-BF4B-00C04F79EFBC}") = "OpenWorker.Channel", "OpenWorker.Channel\OpenWorker.Channel.csproj", "{AAEA2ACA-DD29-40D8-8E5B-5F02CDA53B19}"
EndProject
Project("{FAE04EC0-301F-11D3-BF4B-00C04F79EFBC}") = "OpenWorker.DistrictServer.Gameplay", "OpenWorker.DistrictServer.Gameplay\OpenWorker.DistrictServer.Gameplay.csproj", "{C9EA2C66-9FF9-4A41-8795-9FE221813729}"
EndProject
Project("{2150E333-8FDC-42A3-9474-1A3956D46DE8}") = "Maze", "Maze", "{15D6F46B-B977-4EA0-8CCC-217FA676BF58}"
EndProject
Project("{FAE04EC0-301F-11D3-BF4B-00C04F79EFBC}") = "OpenWorker.MazeServer", "OpenWorker.MazeServer\OpenWorker.MazeServer.csproj", "{950E1F66-0B8E-4966-8A0C-619E7D9F130C}"
EndProject
Project("{FAE04EC0-301F-11D3-BF4B-00C04F79EFBC}") = "OpenWorker.Lua", "OpenWorker.Lua\OpenWorker.Lua.csproj", "{3F905326-C365-44C4-8CE6-F2B0A9E46BE9}"
EndProject
Project("{FAE04EC0-301F-11D3-BF4B-00C04F79EFBC}") = "OpenWorker.Commands", "OpenWorker.Commands\OpenWorker.Commands.csproj", "{6C639CD8-27F1-4BD3-B1E6-E0A398BF4FEE}"
EndProject
Global
	GlobalSection(SolutionConfigurationPlatforms) = preSolution
		Debug|Any CPU = Debug|Any CPU
		Release|Any CPU = Release|Any CPU
	EndGlobalSection
	GlobalSection(ProjectConfigurationPlatforms) = postSolution
		{D3B0E4FB-7DCC-4A52-A7FE-8226BD668B1E}.Debug|Any CPU.ActiveCfg = Debug|Any CPU
		{D3B0E4FB-7DCC-4A52-A7FE-8226BD668B1E}.Debug|Any CPU.Build.0 = Debug|Any CPU
		{D3B0E4FB-7DCC-4A52-A7FE-8226BD668B1E}.Release|Any CPU.ActiveCfg = Release|Any CPU
		{D3B0E4FB-7DCC-4A52-A7FE-8226BD668B1E}.Release|Any CPU.Build.0 = Release|Any CPU
		{BBBCA92C-C58A-4560-8BD1-56A3C464DD94}.Debug|Any CPU.ActiveCfg = Debug|Any CPU
		{BBBCA92C-C58A-4560-8BD1-56A3C464DD94}.Debug|Any CPU.Build.0 = Debug|Any CPU
		{BBBCA92C-C58A-4560-8BD1-56A3C464DD94}.Release|Any CPU.ActiveCfg = Release|Any CPU
		{BBBCA92C-C58A-4560-8BD1-56A3C464DD94}.Release|Any CPU.Build.0 = Release|Any CPU
		{AE9FA983-0067-4B05-9108-5386DBB530FF}.Debug|Any CPU.ActiveCfg = Debug|Any CPU
		{AE9FA983-0067-4B05-9108-5386DBB530FF}.Debug|Any CPU.Build.0 = Debug|Any CPU
		{AE9FA983-0067-4B05-9108-5386DBB530FF}.Release|Any CPU.ActiveCfg = Release|Any CPU
		{AE9FA983-0067-4B05-9108-5386DBB530FF}.Release|Any CPU.Build.0 = Release|Any CPU
		{5B7EB2F3-4CAE-4D7C-9600-81B6CF2710D1}.Debug|Any CPU.ActiveCfg = Debug|Any CPU
		{5B7EB2F3-4CAE-4D7C-9600-81B6CF2710D1}.Debug|Any CPU.Build.0 = Debug|Any CPU
		{5B7EB2F3-4CAE-4D7C-9600-81B6CF2710D1}.Release|Any CPU.ActiveCfg = Release|Any CPU
		{5B7EB2F3-4CAE-4D7C-9600-81B6CF2710D1}.Release|Any CPU.Build.0 = Release|Any CPU
		{AD696F56-4909-4C9B-B908-73825958442F}.Debug|Any CPU.ActiveCfg = Debug|Any CPU
		{AD696F56-4909-4C9B-B908-73825958442F}.Debug|Any CPU.Build.0 = Debug|Any CPU
		{AD696F56-4909-4C9B-B908-73825958442F}.Release|Any CPU.ActiveCfg = Release|Any CPU
		{AD696F56-4909-4C9B-B908-73825958442F}.Release|Any CPU.Build.0 = Release|Any CPU
		{898D5D9C-E2C8-46DE-92D0-46EB392D065D}.Debug|Any CPU.ActiveCfg = Debug|Any CPU
		{898D5D9C-E2C8-46DE-92D0-46EB392D065D}.Debug|Any CPU.Build.0 = Debug|Any CPU
		{898D5D9C-E2C8-46DE-92D0-46EB392D065D}.Release|Any CPU.ActiveCfg = Release|Any CPU
		{898D5D9C-E2C8-46DE-92D0-46EB392D065D}.Release|Any CPU.Build.0 = Release|Any CPU
		{F62E324C-E8FD-4916-8E39-D93BE429AA3C}.Debug|Any CPU.ActiveCfg = Debug|Any CPU
		{F62E324C-E8FD-4916-8E39-D93BE429AA3C}.Debug|Any CPU.Build.0 = Debug|Any CPU
		{F62E324C-E8FD-4916-8E39-D93BE429AA3C}.Release|Any CPU.ActiveCfg = Release|Any CPU
		{F62E324C-E8FD-4916-8E39-D93BE429AA3C}.Release|Any CPU.Build.0 = Release|Any CPU
		{24392623-63E7-4A5D-BE87-752C91A43830}.Debug|Any CPU.ActiveCfg = Debug|Any CPU
		{24392623-63E7-4A5D-BE87-752C91A43830}.Debug|Any CPU.Build.0 = Debug|Any CPU
		{24392623-63E7-4A5D-BE87-752C91A43830}.Release|Any CPU.ActiveCfg = Release|Any CPU
		{24392623-63E7-4A5D-BE87-752C91A43830}.Release|Any CPU.Build.0 = Release|Any CPU
		{DAB2A720-8614-4B4F-B1F7-8C7D1B8DEFE5}.Debug|Any CPU.ActiveCfg = Debug|Any CPU
		{DAB2A720-8614-4B4F-B1F7-8C7D1B8DEFE5}.Debug|Any CPU.Build.0 = Debug|Any CPU
		{DAB2A720-8614-4B4F-B1F7-8C7D1B8DEFE5}.Release|Any CPU.ActiveCfg = Release|Any CPU
		{DAB2A720-8614-4B4F-B1F7-8C7D1B8DEFE5}.Release|Any CPU.Build.0 = Release|Any CPU
		{FA1B5493-52D1-48F2-BE1C-D1FA5C552867}.Debug|Any CPU.ActiveCfg = Debug|Any CPU
		{FA1B5493-52D1-48F2-BE1C-D1FA5C552867}.Debug|Any CPU.Build.0 = Debug|Any CPU
		{FA1B5493-52D1-48F2-BE1C-D1FA5C552867}.Release|Any CPU.ActiveCfg = Release|Any CPU
		{FA1B5493-52D1-48F2-BE1C-D1FA5C552867}.Release|Any CPU.Build.0 = Release|Any CPU
		{20C62090-D23D-46AE-B9CF-5E6FEAADCA0A}.Debug|Any CPU.ActiveCfg = Debug|Any CPU
		{20C62090-D23D-46AE-B9CF-5E6FEAADCA0A}.Debug|Any CPU.Build.0 = Debug|Any CPU
		{20C62090-D23D-46AE-B9CF-5E6FEAADCA0A}.Release|Any CPU.ActiveCfg = Release|Any CPU
		{20C62090-D23D-46AE-B9CF-5E6FEAADCA0A}.Release|Any CPU.Build.0 = Release|Any CPU
		{74A13278-8643-458D-8021-8483C4675A43}.Debug|Any CPU.ActiveCfg = Debug|Any CPU
		{74A13278-8643-458D-8021-8483C4675A43}.Debug|Any CPU.Build.0 = Debug|Any CPU
		{74A13278-8643-458D-8021-8483C4675A43}.Release|Any CPU.ActiveCfg = Release|Any CPU
		{74A13278-8643-458D-8021-8483C4675A43}.Release|Any CPU.Build.0 = Release|Any CPU
		{EFA4C38A-B226-436F-BAFB-8A9C5AC27B3B}.Debug|Any CPU.ActiveCfg = Debug|Any CPU
		{EFA4C38A-B226-436F-BAFB-8A9C5AC27B3B}.Debug|Any CPU.Build.0 = Debug|Any CPU
		{EFA4C38A-B226-436F-BAFB-8A9C5AC27B3B}.Release|Any CPU.ActiveCfg = Release|Any CPU
		{EFA4C38A-B226-436F-BAFB-8A9C5AC27B3B}.Release|Any CPU.Build.0 = Release|Any CPU
		{BB68F966-E686-4988-903C-07F96ACB5CD1}.Debug|Any CPU.ActiveCfg = Debug|Any CPU
		{BB68F966-E686-4988-903C-07F96ACB5CD1}.Debug|Any CPU.Build.0 = Debug|Any CPU
		{BB68F966-E686-4988-903C-07F96ACB5CD1}.Release|Any CPU.ActiveCfg = Release|Any CPU
		{BB68F966-E686-4988-903C-07F96ACB5CD1}.Release|Any CPU.Build.0 = Release|Any CPU
		{093204CD-935A-4831-9388-483E631822C2}.Debug|Any CPU.ActiveCfg = Debug|Any CPU
		{093204CD-935A-4831-9388-483E631822C2}.Debug|Any CPU.Build.0 = Debug|Any CPU
		{093204CD-935A-4831-9388-483E631822C2}.Release|Any CPU.ActiveCfg = Release|Any CPU
		{093204CD-935A-4831-9388-483E631822C2}.Release|Any CPU.Build.0 = Release|Any CPU
		{7D6C7EB9-000F-4D34-B55C-EF67306B0F3C}.Debug|Any CPU.ActiveCfg = Debug|Any CPU
		{7D6C7EB9-000F-4D34-B55C-EF67306B0F3C}.Debug|Any CPU.Build.0 = Debug|Any CPU
		{7D6C7EB9-000F-4D34-B55C-EF67306B0F3C}.Release|Any CPU.ActiveCfg = Release|Any CPU
		{7D6C7EB9-000F-4D34-B55C-EF67306B0F3C}.Release|Any CPU.Build.0 = Release|Any CPU
		{C9549BB5-5DAD-4587-8EA3-BF0035A0E903}.Debug|Any CPU.ActiveCfg = Debug|Any CPU
		{C9549BB5-5DAD-4587-8EA3-BF0035A0E903}.Debug|Any CPU.Build.0 = Debug|Any CPU
		{C9549BB5-5DAD-4587-8EA3-BF0035A0E903}.Release|Any CPU.ActiveCfg = Release|Any CPU
		{C9549BB5-5DAD-4587-8EA3-BF0035A0E903}.Release|Any CPU.Build.0 = Release|Any CPU
		{7B91BECB-2606-4C5D-8EF3-0009A905C27A}.Debug|Any CPU.ActiveCfg = Debug|Any CPU
		{7B91BECB-2606-4C5D-8EF3-0009A905C27A}.Debug|Any CPU.Build.0 = Debug|Any CPU
		{7B91BECB-2606-4C5D-8EF3-0009A905C27A}.Release|Any CPU.ActiveCfg = Release|Any CPU
		{7B91BECB-2606-4C5D-8EF3-0009A905C27A}.Release|Any CPU.Build.0 = Release|Any CPU
		{977213AB-4A34-4EA5-939C-6B49B815F7FE}.Debug|Any CPU.ActiveCfg = Debug|Any CPU
		{977213AB-4A34-4EA5-939C-6B49B815F7FE}.Debug|Any CPU.Build.0 = Debug|Any CPU
		{977213AB-4A34-4EA5-939C-6B49B815F7FE}.Release|Any CPU.ActiveCfg = Release|Any CPU
		{977213AB-4A34-4EA5-939C-6B49B815F7FE}.Release|Any CPU.Build.0 = Release|Any CPU
		{A9A6F484-A985-4F93-9291-3553BD9D5453}.Debug|Any CPU.ActiveCfg = Debug|Any CPU
		{A9A6F484-A985-4F93-9291-3553BD9D5453}.Debug|Any CPU.Build.0 = Debug|Any CPU
		{A9A6F484-A985-4F93-9291-3553BD9D5453}.Release|Any CPU.ActiveCfg = Release|Any CPU
		{A9A6F484-A985-4F93-9291-3553BD9D5453}.Release|Any CPU.Build.0 = Release|Any CPU
		{AAEA2ACA-DD29-40D8-8E5B-5F02CDA53B19}.Debug|Any CPU.ActiveCfg = Debug|Any CPU
		{AAEA2ACA-DD29-40D8-8E5B-5F02CDA53B19}.Debug|Any CPU.Build.0 = Debug|Any CPU
		{AAEA2ACA-DD29-40D8-8E5B-5F02CDA53B19}.Release|Any CPU.ActiveCfg = Release|Any CPU
		{AAEA2ACA-DD29-40D8-8E5B-5F02CDA53B19}.Release|Any CPU.Build.0 = Release|Any CPU
		{C9EA2C66-9FF9-4A41-8795-9FE221813729}.Debug|Any CPU.ActiveCfg = Debug|Any CPU
		{C9EA2C66-9FF9-4A41-8795-9FE221813729}.Debug|Any CPU.Build.0 = Debug|Any CPU
		{C9EA2C66-9FF9-4A41-8795-9FE221813729}.Release|Any CPU.ActiveCfg = Release|Any CPU
		{C9EA2C66-9FF9-4A41-8795-9FE221813729}.Release|Any CPU.Build.0 = Release|Any CPU
		{950E1F66-0B8E-4966-8A0C-619E7D9F130C}.Debug|Any CPU.ActiveCfg = Debug|Any CPU
		{950E1F66-0B8E-4966-8A0C-619E7D9F130C}.Debug|Any CPU.Build.0 = Debug|Any CPU
		{950E1F66-0B8E-4966-8A0C-619E7D9F130C}.Release|Any CPU.ActiveCfg = Release|Any CPU
		{950E1F66-0B8E-4966-8A0C-619E7D9F130C}.Release|Any CPU.Build.0 = Release|Any CPU
		{3F905326-C365-44C4-8CE6-F2B0A9E46BE9}.Debug|Any CPU.ActiveCfg = Debug|Any CPU
		{3F905326-C365-44C4-8CE6-F2B0A9E46BE9}.Debug|Any CPU.Build.0 = Debug|Any CPU
		{3F905326-C365-44C4-8CE6-F2B0A9E46BE9}.Release|Any CPU.ActiveCfg = Release|Any CPU
		{3F905326-C365-44C4-8CE6-F2B0A9E46BE9}.Release|Any CPU.Build.0 = Release|Any CPU
		{6C639CD8-27F1-4BD3-B1E6-E0A398BF4FEE}.Debug|Any CPU.ActiveCfg = Debug|Any CPU
		{6C639CD8-27F1-4BD3-B1E6-E0A398BF4FEE}.Debug|Any CPU.Build.0 = Debug|Any CPU
		{6C639CD8-27F1-4BD3-B1E6-E0A398BF4FEE}.Release|Any CPU.ActiveCfg = Release|Any CPU
		{6C639CD8-27F1-4BD3-B1E6-E0A398BF4FEE}.Release|Any CPU.Build.0 = Release|Any CPU
	EndGlobalSection
	GlobalSection(SolutionProperties) = preSolution
		HideSolutionNode = FALSE
	EndGlobalSection
	GlobalSection(ExtensibilityGlobals) = postSolution
		SolutionGuid = {D7D191C5-BB7C-4542-AFDF-C0BCB7D02C95}
	EndGlobalSection
	GlobalSection(NestedProjects) = preSolution
		{BD281A0B-B4C9-43C1-8FE0-38904268A611} = {AD90D124-FC66-4379-BCAF-48686F2CA547}
		{AD696F56-4909-4C9B-B908-73825958442F} = {BD281A0B-B4C9-43C1-8FE0-38904268A611}
		{C9549BB5-5DAD-4587-8EA3-BF0035A0E903} = {BD281A0B-B4C9-43C1-8FE0-38904268A611}
		{7B91BECB-2606-4C5D-8EF3-0009A905C27A} = {BD281A0B-B4C9-43C1-8FE0-38904268A611}
		{3B75B585-86A8-46FF-B5CE-4E1772FA6A3B} = {AD90D124-FC66-4379-BCAF-48686F2CA547}
		{24392623-63E7-4A5D-BE87-752C91A43830} = {3B75B585-86A8-46FF-B5CE-4E1772FA6A3B}
		{977213AB-4A34-4EA5-939C-6B49B815F7FE} = {3B75B585-86A8-46FF-B5CE-4E1772FA6A3B}
		{08E144AF-4391-4EF3-927B-4F7E9BB33E6E} = {AD90D124-FC66-4379-BCAF-48686F2CA547}
		{DAB2A720-8614-4B4F-B1F7-8C7D1B8DEFE5} = {08E144AF-4391-4EF3-927B-4F7E9BB33E6E}
		{61A17DA3-82F9-4D80-9072-8F45C6254701} = {AD90D124-FC66-4379-BCAF-48686F2CA547}
		{D3B0E4FB-7DCC-4A52-A7FE-8226BD668B1E} = {61A17DA3-82F9-4D80-9072-8F45C6254701}
		{C9EA2C66-9FF9-4A41-8795-9FE221813729} = {08E144AF-4391-4EF3-927B-4F7E9BB33E6E}
		{15D6F46B-B977-4EA0-8CCC-217FA676BF58} = {AD90D124-FC66-4379-BCAF-48686F2CA547}
		{950E1F66-0B8E-4966-8A0C-619E7D9F130C} = {15D6F46B-B977-4EA0-8CCC-217FA676BF58}
	EndGlobalSection
EndGlobal
